{
  "name": "generator-palet",
  "version": "1.0.0",
  "lockfileVersion": 3,
  "requires": true,
  "packages": {
    "": {
      "name": "generator-palet",
      "version": "1.0.0",
      "license": "ISC",
      "dependencies": {
        "@types/ramda": "^0.31.1",
        "ramda": "^0.32.0"
      },
      "devDependencies": {
        "typescript": "^5.9.3"
      }
    },
    "node_modules/@types/ramda": {
      "version": "0.31.1",
      "resolved": "https://registry.npmjs.org/@types/ramda/-/ramda-0.31.1.tgz",
      "integrity": "sha512-Vt6sFXnuRpzaEj+yeutA0q3bcAsK7wdPuASIzR9LXqL4gJPyFw8im9qchlbp4ltuf3kDEIRmPJTD/Fkg60dn7g==",
      "license": "MIT",
      "dependencies": {
        "types-ramda": "^0.31.0"
      }
    },
    "node_modules/ramda": {
      "version": "0.32.0",
      "resolved": "https://registry.npmjs.org/ramda/-/ramda-0.32.0.tgz",
      "integrity": "sha512-GQWAHhxhxWBWA8oIBr1XahFVjQ9Fic6MK9ikijfd4TZHfE2+urfk+irVlR5VOn48uwMgM+loRRBJd6Yjsbc0zQ==",
      "license": "MIT",
      "funding": {
        "type": "opencollective",
        "url": "https://opencollective.com/ramda"
      }
    },
    "node_modules/ts-toolbelt": {
      "version": "9.6.0",
      "resolved": "https://registry.npmjs.org/ts-toolbelt/-/ts-toolbelt-9.6.0.tgz",
      "integrity": "sha512-nsZd8ZeNUzukXPlJmTBwUAuABDe/9qtVDelJeT/qW0ow3ZS3BsQJtNkan1802aM9Uf68/Y8ljw86Hu0h5IUW3w==",
      "license": "Apache-2.0"
    },
    "node_modules/types-ramda": {
      "version": "0.31.0",
      "resolved": "https://registry.npmjs.org/types-ramda/-/types-ramda-0.31.0.tgz",
      "integrity": "sha512-vaoC35CRC3xvL8Z6HkshDbi6KWM1ezK0LHN0YyxXWUn9HKzBNg/T3xSGlJZjCYspnOD3jE7bcizsp0bUXZDxnQ==",
      "license": "MIT",
      "dependencies": {
        "ts-toolbelt": "^9.6.0"
      }
    },
    "node_modules/typescript": {
      "version": "5.9.3",
      "resolved": "https://registry.npmjs.org/typescript/-/typescript-5.9.3.tgz",
      "integrity": "sha512-jl1vZzPDinLr9eUt3J/t7V6FgNEw9QjvBPdysz9KfQDD41fQrC2Y4vKQdiaUpFT4bXlb1RHhLpp8wtm6M5TgSw==",
      "dev": true,
      "license": "Apache-2.0",
      "bin": {
        "tsc": "bin/tsc",
        "tsserver": "bin/tsserver"
      },
      "engines": {
        "node": ">=14.17"
      }
    }
  }
}
